
Microsoft Visual Studio Solution File, Format Version 12.00
# Visual Studio 15
VisualStudioVersion = 15.0.27130.2010
MinimumVisualStudioVersion = 10.0.40219.1
Project("{E24C65DC-7377-472B-9ABA-BC803B73C61A}") = "Bebedores", "Bebedores\", "{8888653E-ED13-410D-A310-01CFC5684E64}"
	ProjectSection(WebsiteProperties) = preProject
		TargetFrameworkMoniker = ".NETFramework,Version%3Dv4.6.1"
		Debug.AspNetCompiler.VirtualPath = "/localhost_50204"
		Debug.AspNetCompiler.PhysicalPath = "Bebedores\"
		Debug.AspNetCompiler.TargetPath = "PrecompiledWeb\localhost_50204\"
		Debug.AspNetCompiler.Updateable = "true"
		Debug.AspNetCompiler.ForceOverwrite = "true"
		Debug.AspNetCompiler.FixedNames = "false"
		Debug.AspNetCompiler.Debug = "True"
		Release.AspNetCompiler.VirtualPath = "/localhost_50204"
		Release.AspNetCompiler.PhysicalPath = "Bebedores\"
		Release.AspNetCompiler.TargetPath = "PrecompiledWeb\localhost_50204\"
		Release.AspNetCompiler.Updateable = "true"
		Release.AspNetCompiler.ForceOverwrite = "true"
		Release.AspNetCompiler.FixedNames = "false"
		Release.AspNetCompiler.Debug = "False"
		VWDPort = "50204"
		SlnRelativePath = "Bebedores\"
		DefaultWebSiteLanguage = "Visual C#"
	EndProjectSection
EndProject
Global
	GlobalSection(SolutionConfigurationPlatforms) = preSolution
		Debug|Any CPU = Debug|Any CPU
	EndGlobalSection
	GlobalSection(ProjectConfigurationPlatforms) = postSolution
		{8888653E-ED13-410D-A310-01CFC5684E64}.Debug|Any CPU.ActiveCfg = Debug|Any CPU
		{8888653E-ED13-410D-A310-01CFC5684E64}.Debug|Any CPU.Build.0 = Debug|Any CPU
	EndGlobalSection
	GlobalSection(SolutionProperties) = preSolution
		HideSolutionNode = FALSE
	EndGlobalSection
	GlobalSection(ExtensibilityGlobals) = postSolution
		SolutionGuid = {DC552869-3761-4B49-AF49-F718FEAD951C}
	EndGlobalSection
EndGlobal
